// !$*UTF8*$!
{
	archiveVersion = 1;
	classes = {
	};
	objectVersion = 46;
	objects = {

/* Begin PBXBuildFile section */
		423EBAADE67DA88EE2565003 /* Pods_TBS_SMS.framework in Frameworks */ = {isa = PBXBuildFile; fileRef = DD7EFEF82902D466E4E314C4 /* Pods_TBS_SMS.framework */; };
		BF0CA0D91E26176A0045BB79 /* Alamofire.framework in Frameworks */ = {isa = PBXBuildFile; fileRef = BF0CA0D81E26176A0045BB79 /* Alamofire.framework */; };
		BF2F7AC31E371C8600CB9BDA /* FunctionLibrary.swift in Sources */ = {isa = PBXBuildFile; fileRef = BF2F7AC21E371C8600CB9BDA /* FunctionLibrary.swift */; };
		BF6BD82C1E2F518A00782FFA /* DimmingPresentationController.swift in Sources */ = {isa = PBXBuildFile; fileRef = BF6BD82B1E2F518A00782FFA /* DimmingPresentationController.swift */; };
		BF6F9EFF1E28CADF0058F50F /* SideMenu.framework in Frameworks */ = {isa = PBXBuildFile; fileRef = BF6F9EFE1E28CADF0058F50F /* SideMenu.framework */; };
		BF6F9F011E28CC640058F50F /* SideMenuTableView.swift in Sources */ = {isa = PBXBuildFile; fileRef = BF6F9F001E28CC640058F50F /* SideMenuTableView.swift */; };
		BF7E4B781E332001009F5B70 /* Loading.xib in Resources */ = {isa = PBXBuildFile; fileRef = BF7E4B771E332000009F5B70 /* Loading.xib */; };
		BF7E4B7A1E3320AB009F5B70 /* NothingFound.xib in Resources */ = {isa = PBXBuildFile; fileRef = BF7E4B791E3320AB009F5B70 /* NothingFound.xib */; };
		BF86E1781E2DD96700A48ECA /* InvoicesCell.xib in Resources */ = {isa = PBXBuildFile; fileRef = BF86E1771E2DD96700A48ECA /* InvoicesCell.xib */; };
		BF86E17A1E2DDCE500A48ECA /* InvoicesCell.swift in Sources */ = {isa = PBXBuildFile; fileRef = BF86E1791E2DDCE500A48ECA /* InvoicesCell.swift */; };
		BF86E17C1E2DEBB400A48ECA /* LoadingCell.xib in Resources */ = {isa = PBXBuildFile; fileRef = BF86E17B1E2DEBB400A48ECA /* LoadingCell.xib */; };
		BF86E17E1E2DEC9300A48ECA /* NothingFoundCell.xib in Resources */ = {isa = PBXBuildFile; fileRef = BF86E17D1E2DEC9300A48ECA /* NothingFoundCell.xib */; };
		BF86E1801E2E10C700A48ECA /* TermsAndConditionController.swift in Sources */ = {isa = PBXBuildFile; fileRef = BF86E17F1E2E10C700A48ECA /* TermsAndConditionController.swift */; };
		BF86E1821E2E110200A48ECA /* UpdateVatController.swift in Sources */ = {isa = PBXBuildFile; fileRef = BF86E1811E2E110200A48ECA /* UpdateVatController.swift */; };
		BF86E1841E2E36A300A48ECA /* InvoiceDetailViewController.swift in Sources */ = {isa = PBXBuildFile; fileRef = BF86E1831E2E36A300A48ECA /* InvoiceDetailViewController.swift */; };
		BF8D25AA1E2CA10B001E5B87 /* CreateInvoiceController.swift in Sources */ = {isa = PBXBuildFile; fileRef = BF8D25A91E2CA10B001E5B87 /* CreateInvoiceController.swift */; };
		BF8D25AC1E2CA4EF001E5B87 /* UnitsListViewController.swift in Sources */ = {isa = PBXBuildFile; fileRef = BF8D25AB1E2CA4EF001E5B87 /* UnitsListViewController.swift */; };
		BF8D25AE1E2CB76B001E5B87 /* DataNameList.swift in Sources */ = {isa = PBXBuildFile; fileRef = BF8D25AD1E2CB76B001E5B87 /* DataNameList.swift */; };
		BF8D25B01E2CEE0D001E5B87 /* UnitDetailViewController.swift in Sources */ = {isa = PBXBuildFile; fileRef = BF8D25AF1E2CEE0C001E5B87 /* UnitDetailViewController.swift */; };
		BFAB73AE1E2D0248001CF424 /* InvoicesViewController.swift in Sources */ = {isa = PBXBuildFile; fileRef = BFAB73AD1E2D0248001CF424 /* InvoicesViewController.swift */; };
		BFAF33F51E3221DB003D5C47 /* SelectedProductCell.xib in Resources */ = {isa = PBXBuildFile; fileRef = BFAF33F41E3221DB003D5C47 /* SelectedProductCell.xib */; };
		BFAF33F71E322865003D5C47 /* SelectedProductCell.swift in Sources */ = {isa = PBXBuildFile; fileRef = BFAF33F61E322865003D5C47 /* SelectedProductCell.swift */; };
		BFC2567A1E25EC7200682046 /* AppDelegate.swift in Sources */ = {isa = PBXBuildFile; fileRef = BFC256791E25EC7200682046 /* AppDelegate.swift */; };
		BFC2567C1E25EC7200682046 /* MainViewController.swift in Sources */ = {isa = PBXBuildFile; fileRef = BFC2567B1E25EC7200682046 /* MainViewController.swift */; };
		BFC2567F1E25EC7200682046 /* Main.storyboard in Resources */ = {isa = PBXBuildFile; fileRef = BFC2567D1E25EC7200682046 /* Main.storyboard */; };
		BFC256811E25EC7200682046 /* Assets.xcassets in Resources */ = {isa = PBXBuildFile; fileRef = BFC256801E25EC7200682046 /* Assets.xcassets */; };
		BFC256841E25EC7200682046 /* LaunchScreen.storyboard in Resources */ = {isa = PBXBuildFile; fileRef = BFC256821E25EC7200682046 /* LaunchScreen.storyboard */; };
		BFC2568E1E260C5000682046 /* LoginViewController.swift in Sources */ = {isa = PBXBuildFile; fileRef = BFC2568D1E260C5000682046 /* LoginViewController.swift */; };
		BFD46FCA1E277C81007BBA93 /* CompanyLoginViewController.swift in Sources */ = {isa = PBXBuildFile; fileRef = BFD46FC91E277C81007BBA93 /* CompanyLoginViewController.swift */; };
		BFDF53E71E35CF5900DA028A /* ReceiptViewController.swift in Sources */ = {isa = PBXBuildFile; fileRef = BFDF53E61E35CF5900DA028A /* ReceiptViewController.swift */; };
		BFDF53E91E35D76D00DA028A /* PaynowViewController.swift in Sources */ = {isa = PBXBuildFile; fileRef = BFDF53E81E35D76D00DA028A /* PaynowViewController.swift */; };
		BFF9A83F1E31D576003F0D23 /* ProductDetailsController.swift in Sources */ = {isa = PBXBuildFile; fileRef = BFF9A83E1E31D576003F0D23 /* ProductDetailsController.swift */; };
		BFFABD4F1E30CFDA00153D43 /* SearchProductsController.swift in Sources */ = {isa = PBXBuildFile; fileRef = BFFABD4E1E30CFDA00153D43 /* SearchProductsController.swift */; };
/* End PBXBuildFile section */

/* Begin PBXFileReference section */
		602346D37509FF979147AF5F /* Pods-TBS-SMS.debug.xcconfig */ = {isa = PBXFileReference; includeInIndex = 1; lastKnownFileType = text.xcconfig; name = "Pods-TBS-SMS.debug.xcconfig"; path = "Pods/Target Support Files/Pods-TBS-SMS/Pods-TBS-SMS.debug.xcconfig"; sourceTree = "<group>"; };
		A0060081309AC2E1E57721BB /* Pods-TBS-SMS.release.xcconfig */ = {isa = PBXFileReference; includeInIndex = 1; lastKnownFileType = text.xcconfig; name = "Pods-TBS-SMS.release.xcconfig"; path = "Pods/Target Support Files/Pods-TBS-SMS/Pods-TBS-SMS.release.xcconfig"; sourceTree = "<group>"; };
		BF0CA0D81E26176A0045BB79 /* Alamofire.framework */ = {isa = PBXFileReference; lastKnownFileType = wrapper.framework; name = Alamofire.framework; path = Carthage/Build/iOS/Alamofire.framework; sourceTree = "<group>"; };
		BF2F7AC21E371C8600CB9BDA /* FunctionLibrary.swift */ = {isa = PBXFileReference; fileEncoding = 4; lastKnownFileType = sourcecode.swift; path = FunctionLibrary.swift; sourceTree = "<group>"; };
		BF6BD82B1E2F518A00782FFA /* DimmingPresentationController.swift */ = {isa = PBXFileReference; fileEncoding = 4; lastKnownFileType = sourcecode.swift; path = DimmingPresentationController.swift; sourceTree = "<group>"; };
		BF6F9EFE1E28CADF0058F50F /* SideMenu.framework */ = {isa = PBXFileReference; lastKnownFileType = wrapper.framework; name = SideMenu.framework; path = Carthage/Build/iOS/SideMenu.framework; sourceTree = "<group>"; };
		BF6F9F001E28CC640058F50F /* SideMenuTableView.swift */ = {isa = PBXFileReference; fileEncoding = 4; lastKnownFileType = sourcecode.swift; path = SideMenuTableView.swift; sourceTree = "<group>"; };
		BF7E4B771E332000009F5B70 /* Loading.xib */ = {isa = PBXFileReference; fileEncoding = 4; lastKnownFileType = file.xib; path = Loading.xib; sourceTree = "<group>"; };
		BF7E4B791E3320AB009F5B70 /* NothingFound.xib */ = {isa = PBXFileReference; fileEncoding = 4; lastKnownFileType = file.xib; path = NothingFound.xib; sourceTree = "<group>"; };
		BF86E1771E2DD96700A48ECA /* InvoicesCell.xib */ = {isa = PBXFileReference; fileEncoding = 4; lastKnownFileType = file.xib; path = InvoicesCell.xib; sourceTree = "<group>"; };
		BF86E1791E2DDCE500A48ECA /* InvoicesCell.swift */ = {isa = PBXFileReference; fileEncoding = 4; lastKnownFileType = sourcecode.swift; path = InvoicesCell.swift; sourceTree = "<group>"; };
		BF86E17B1E2DEBB400A48ECA /* LoadingCell.xib */ = {isa = PBXFileReference; fileEncoding = 4; lastKnownFileType = file.xib; path = LoadingCell.xib; sourceTree = "<group>"; };
		BF86E17D1E2DEC9300A48ECA /* NothingFoundCell.xib */ = {isa = PBXFileReference; fileEncoding = 4; lastKnownFileType = file.xib; path = NothingFoundCell.xib; sourceTree = "<group>"; };
		BF86E17F1E2E10C700A48ECA /* TermsAndConditionController.swift */ = {isa = PBXFileReference; fileEncoding = 4; lastKnownFileType = sourcecode.swift; path = TermsAndConditionController.swift; sourceTree = "<group>"; };
		BF86E1811E2E110200A48ECA /* UpdateVatController.swift */ = {isa = PBXFileReference; fileEncoding = 4; lastKnownFileType = sourcecode.swift; path = UpdateVatController.swift; sourceTree = "<group>"; };
		BF86E1831E2E36A300A48ECA /* InvoiceDetailViewController.swift */ = {isa = PBXFileReference; fileEncoding = 4; lastKnownFileType = sourcecode.swift; path = InvoiceDetailViewController.swift; sourceTree = "<group>"; };
		BF8D25A91E2CA10B001E5B87 /* CreateInvoiceController.swift */ = {isa = PBXFileReference; fileEncoding = 4; lastKnownFileType = sourcecode.swift; path = CreateInvoiceController.swift; sourceTree = "<group>"; };
		BF8D25AB1E2CA4EF001E5B87 /* UnitsListViewController.swift */ = {isa = PBXFileReference; fileEncoding = 4; lastKnownFileType = sourcecode.swift; path = UnitsListViewController.swift; sourceTree = "<group>"; };
		BF8D25AD1E2CB76B001E5B87 /* DataNameList.swift */ = {isa = PBXFileReference; fileEncoding = 4; lastKnownFileType = sourcecode.swift; path = DataNameList.swift; sourceTree = "<group>"; };
		BF8D25AF1E2CEE0C001E5B87 /* UnitDetailViewController.swift */ = {isa = PBXFileReference; fileEncoding = 4; lastKnownFileType = sourcecode.swift; path = UnitDetailViewController.swift; sourceTree = "<group>"; };
		BFAB73AD1E2D0248001CF424 /* InvoicesViewController.swift */ = {isa = PBXFileReference; fileEncoding = 4; lastKnownFileType = sourcecode.swift; path = InvoicesViewController.swift; sourceTree = "<group>"; };
		BFAF33F41E3221DB003D5C47 /* SelectedProductCell.xib */ = {isa = PBXFileReference; fileEncoding = 4; lastKnownFileType = file.xib; path = SelectedProductCell.xib; sourceTree = "<group>"; };
		BFAF33F61E322865003D5C47 /* SelectedProductCell.swift */ = {isa = PBXFileReference; fileEncoding = 4; lastKnownFileType = sourcecode.swift; path = SelectedProductCell.swift; sourceTree = "<group>"; };
		BFC256761E25EC7200682046 /* TBS-SMS.app */ = {isa = PBXFileReference; explicitFileType = wrapper.application; includeInIndex = 0; path = "TBS-SMS.app"; sourceTree = BUILT_PRODUCTS_DIR; };
		BFC256791E25EC7200682046 /* AppDelegate.swift */ = {isa = PBXFileReference; lastKnownFileType = sourcecode.swift; path = AppDelegate.swift; sourceTree = "<group>"; };
		BFC2567B1E25EC7200682046 /* MainViewController.swift */ = {isa = PBXFileReference; lastKnownFileType = sourcecode.swift; path = MainViewController.swift; sourceTree = "<group>"; };
		BFC2567E1E25EC7200682046 /* Base */ = {isa = PBXFileReference; lastKnownFileType = file.storyboard; name = Base; path = Base.lproj/Main.storyboard; sourceTree = "<group>"; };
		BFC256801E25EC7200682046 /* Assets.xcassets */ = {isa = PBXFileReference; lastKnownFileType = folder.assetcatalog; path = Assets.xcassets; sourceTree = "<group>"; };
		BFC256831E25EC7200682046 /* Base */ = {isa = PBXFileReference; lastKnownFileType = file.storyboard; name = Base; path = Base.lproj/LaunchScreen.storyboard; sourceTree = "<group>"; };
		BFC256851E25EC7200682046 /* Info.plist */ = {isa = PBXFileReference; lastKnownFileType = text.plist.xml; path = Info.plist; sourceTree = "<group>"; };
		BFC2568D1E260C5000682046 /* LoginViewController.swift */ = {isa = PBXFileReference; fileEncoding = 4; lastKnownFileType = sourcecode.swift; path = LoginViewController.swift; sourceTree = "<group>"; };
		BFD46FC91E277C81007BBA93 /* CompanyLoginViewController.swift */ = {isa = PBXFileReference; fileEncoding = 4; lastKnownFileType = sourcecode.swift; path = CompanyLoginViewController.swift; sourceTree = "<group>"; };
		BFDF53E61E35CF5900DA028A /* ReceiptViewController.swift */ = {isa = PBXFileReference; fileEncoding = 4; lastKnownFileType = sourcecode.swift; path = ReceiptViewController.swift; sourceTree = "<group>"; };
		BFDF53E81E35D76D00DA028A /* PaynowViewController.swift */ = {isa = PBXFileReference; fileEncoding = 4; lastKnownFileType = sourcecode.swift; path = PaynowViewController.swift; sourceTree = "<group>"; };
		BFF9A83E1E31D576003F0D23 /* ProductDetailsController.swift */ = {isa = PBXFileReference; fileEncoding = 4; lastKnownFileType = sourcecode.swift; path = ProductDetailsController.swift; sourceTree = "<group>"; };
		BFFABD4E1E30CFDA00153D43 /* SearchProductsController.swift */ = {isa = PBXFileReference; fileEncoding = 4; lastKnownFileType = sourcecode.swift; path = SearchProductsController.swift; sourceTree = "<group>"; };
		DD7EFEF82902D466E4E314C4 /* Pods_TBS_SMS.framework */ = {isa = PBXFileReference; explicitFileType = wrapper.framework; includeInIndex = 0; path = Pods_TBS_SMS.framework; sourceTree = BUILT_PRODUCTS_DIR; };
/* End PBXFileReference section */

/* Begin PBXFrameworksBuildPhase section */
		BFC256731E25EC7100682046 /* Frameworks */ = {
			isa = PBXFrameworksBuildPhase;
			buildActionMask = 2147483647;
			files = (
				423EBAADE67DA88EE2565003 /* Pods_TBS_SMS.framework in Frameworks */,
				BF0CA0D91E26176A0045BB79 /* Alamofire.framework in Frameworks */,
				BF6F9EFF1E28CADF0058F50F /* SideMenu.framework in Frameworks */,
			);
			runOnlyForDeploymentPostprocessing = 0;
		};
/* End PBXFrameworksBuildPhase section */

/* Begin PBXGroup section */
		546187F5DD61B9A0C91F98C7 /* Pods */ = {
			isa = PBXGroup;
			children = (
				602346D37509FF979147AF5F /* Pods-TBS-SMS.debug.xcconfig */,
				A0060081309AC2E1E57721BB /* Pods-TBS-SMS.release.xcconfig */,
			);
			name = Pods;
			sourceTree = "<group>";
		};
		60F87326998845A2D45F7CDA /* Frameworks */ = {
			isa = PBXGroup;
			children = (
				BF6F9EFE1E28CADF0058F50F /* SideMenu.framework */,
				BF0CA0D81E26176A0045BB79 /* Alamofire.framework */,
				DD7EFEF82902D466E4E314C4 /* Pods_TBS_SMS.framework */,
			);
			name = Frameworks;
			sourceTree = "<group>";
		};
		BFC2566D1E25EC7100682046 = {
			isa = PBXGroup;
			children = (
				BFC256781E25EC7200682046 /* TBS-SMS */,
				BFC256771E25EC7200682046 /* Products */,
				546187F5DD61B9A0C91F98C7 /* Pods */,
				60F87326998845A2D45F7CDA /* Frameworks */,
			);
			sourceTree = "<group>";
		};
		BFC256771E25EC7200682046 /* Products */ = {
			isa = PBXGroup;
			children = (
				BFC256761E25EC7200682046 /* TBS-SMS.app */,
			);
			name = Products;
			sourceTree = "<group>";
		};
		BFC256781E25EC7200682046 /* TBS-SMS */ = {
			isa = PBXGroup;
			children = (
				BFC256791E25EC7200682046 /* AppDelegate.swift */,
				BFC2567B1E25EC7200682046 /* MainViewController.swift */,
				BF6F9F001E28CC640058F50F /* SideMenuTableView.swift */,
				BFD46FC91E277C81007BBA93 /* CompanyLoginViewController.swift */,
				BFC2568D1E260C5000682046 /* LoginViewController.swift */,
				BFC2567D1E25EC7200682046 /* Main.storyboard */,
				BFC256821E25EC7200682046 /* LaunchScreen.storyboard */,
				BFC256801E25EC7200682046 /* Assets.xcassets */,
				BFC256851E25EC7200682046 /* Info.plist */,
				BF8D25A91E2CA10B001E5B87 /* CreateInvoiceController.swift */,
				BFAF33F41E3221DB003D5C47 /* SelectedProductCell.xib */,
				BF8D25AB1E2CA4EF001E5B87 /* UnitsListViewController.swift */,
				BF8D25AF1E2CEE0C001E5B87 /* UnitDetailViewController.swift */,
				BF8D25AD1E2CB76B001E5B87 /* DataNameList.swift */,
				BFAB73AD1E2D0248001CF424 /* InvoicesViewController.swift */,
				BF86E1831E2E36A300A48ECA /* InvoiceDetailViewController.swift */,
				BFDF53E61E35CF5900DA028A /* ReceiptViewController.swift */,
				BFDF53E81E35D76D00DA028A /* PaynowViewController.swift */,
				BF86E1791E2DDCE500A48ECA /* InvoicesCell.swift */,
				BF86E1771E2DD96700A48ECA /* InvoicesCell.xib */,
				BF86E17B1E2DEBB400A48ECA /* LoadingCell.xib */,
				BF86E17D1E2DEC9300A48ECA /* NothingFoundCell.xib */,
				BF86E17F1E2E10C700A48ECA /* TermsAndConditionController.swift */,
				BF86E1811E2E110200A48ECA /* UpdateVatController.swift */,
				BF6BD82B1E2F518A00782FFA /* DimmingPresentationController.swift */,
				BFFABD4E1E30CFDA00153D43 /* SearchProductsController.swift */,
				BFF9A83E1E31D576003F0D23 /* ProductDetailsController.swift */,
				BFAF33F61E322865003D5C47 /* SelectedProductCell.swift */,
				BF7E4B771E332000009F5B70 /* Loading.xib */,
				BF7E4B791E3320AB009F5B70 /* NothingFound.xib */,
				BF2F7AC21E371C8600CB9BDA /* FunctionLibrary.swift */,
			);
			path = "TBS-SMS";
			sourceTree = "<group>";
		};
/* End PBXGroup section */

/* Begin PBXNativeTarget section */
		BFC256751E25EC7100682046 /* TBS-SMS */ = {
			isa = PBXNativeTarget;
			buildConfigurationList = BFC256881E25EC7200682046 /* Build configuration list for PBXNativeTarget "TBS-SMS" */;
			buildPhases = (
				D6AD38B9D0F3C0BB0ACDF982 /* [CP] Check Pods Manifest.lock */,
				BFC256721E25EC7100682046 /* Sources */,
				BFC256731E25EC7100682046 /* Frameworks */,
				BFC256741E25EC7100682046 /* Resources */,
				541CF3E1A4F58C4B84775C03 /* [CP] Embed Pods Frameworks */,
				C68AB182F87AE62A68FD7531 /* [CP] Copy Pods Resources */,
			);
			buildRules = (
			);
			dependencies = (
			);
			name = "TBS-SMS";
			productName = "TBS-SMS";
			productReference = BFC256761E25EC7200682046 /* TBS-SMS.app */;
			productType = "com.apple.product-type.application";
		};
/* End PBXNativeTarget section */

/* Begin PBXProject section */
		BFC2566E1E25EC7100682046 /* Project object */ = {
			isa = PBXProject;
			attributes = {
				LastSwiftUpdateCheck = 0820;
				LastUpgradeCheck = 0820;
				ORGANIZATIONNAME = "TechnoBase IT Solutions Pvt Ltd";
				TargetAttributes = {
					BFC256751E25EC7100682046 = {
						CreatedOnToolsVersion = 8.2.1;
						ProvisioningStyle = Automatic;
					};
				};
			};
			buildConfigurationList = BFC256711E25EC7100682046 /* Build configuration list for PBXProject "TBS-SMS" */;
			compatibilityVersion = "Xcode 3.2";
			developmentRegion = English;
			hasScannedForEncodings = 0;
			knownRegions = (
				en,
				Base,
			);
			mainGroup = BFC2566D1E25EC7100682046;
			productRefGroup = BFC256771E25EC7200682046 /* Products */;
			projectDirPath = "";
			projectRoot = "";
			targets = (
				BFC256751E25EC7100682046 /* TBS-SMS */,
			);
		};
/* End PBXProject section */

/* Begin PBXResourcesBuildPhase section */
		BFC256741E25EC7100682046 /* Resources */ = {
			isa = PBXResourcesBuildPhase;
			buildActionMask = 2147483647;
			files = (
				BFC256841E25EC7200682046 /* LaunchScreen.storyboard in Resources */,
				BFAF33F51E3221DB003D5C47 /* SelectedProductCell.xib in Resources */,
				BF7E4B781E332001009F5B70 /* Loading.xib in Resources */,
				BF86E1781E2DD96700A48ECA /* InvoicesCell.xib in Resources */,
				BF86E17E1E2DEC9300A48ECA /* NothingFoundCell.xib in Resources */,
				BF7E4B7A1E3320AB009F5B70 /* NothingFound.xib in Resources */,
				BFC256811E25EC7200682046 /* Assets.xcassets in Resources */,
				BF86E17C1E2DEBB400A48ECA /* LoadingCell.xib in Resources */,
				BFC2567F1E25EC7200682046 /* Main.storyboard in Resources */,
			);
			runOnlyForDeploymentPostprocessing = 0;
		};
/* End PBXResourcesBuildPhase section */

/* Begin PBXShellScriptBuildPhase section */
		541CF3E1A4F58C4B84775C03 /* [CP] Embed Pods Frameworks */ = {
			isa = PBXShellScriptBuildPhase;
			buildActionMask = 2147483647;
			files = (
			);
			inputPaths = (
			);
			name = "[CP] Embed Pods Frameworks";
			outputPaths = (
			);
			runOnlyForDeploymentPostprocessing = 0;
			shellPath = /bin/sh;
			shellScript = "\"${SRCROOT}/Pods/Target Support Files/Pods-TBS-SMS/Pods-TBS-SMS-frameworks.sh\"\n";
			showEnvVarsInLog = 0;
		};
		C68AB182F87AE62A68FD7531 /* [CP] Copy Pods Resources */ = {
			isa = PBXShellScriptBuildPhase;
			buildActionMask = 2147483647;
			files = (
			);
			inputPaths = (
			);
			name = "[CP] Copy Pods Resources";
			outputPaths = (
			);
			runOnlyForDeploymentPostprocessing = 0;
			shellPath = /bin/sh;
			shellScript = "\"${SRCROOT}/Pods/Target Support Files/Pods-TBS-SMS/Pods-TBS-SMS-resources.sh\"\n";
			showEnvVarsInLog = 0;
		};
		D6AD38B9D0F3C0BB0ACDF982 /* [CP] Check Pods Manifest.lock */ = {
			isa = PBXShellScriptBuildPhase;
			buildActionMask = 2147483647;
			files = (
			);
			inputPaths = (
			);
			name = "[CP] Check Pods Manifest.lock";
			outputPaths = (
			);
			runOnlyForDeploymentPostprocessing = 0;
			shellPath = /bin/sh;
			shellScript = "diff \"${PODS_ROOT}/../Podfile.lock\" \"${PODS_ROOT}/Manifest.lock\" > /dev/null\nif [ $? != 0 ] ; then\n    # print error to STDERR\n    echo \"error: The sandbox is not in sync with the Podfile.lock. Run 'pod install' or update your CocoaPods installation.\" >&2\n    exit 1\nfi\n";
			showEnvVarsInLog = 0;
		};
/* End PBXShellScriptBuildPhase section */

/* Begin PBXSourcesBuildPhase section */
		BFC256721E25EC7100682046 /* Sources */ = {
			isa = PBXSourcesBuildPhase;
			buildActionMask = 2147483647;
			files = (
				BF86E17A1E2DDCE500A48ECA /* InvoicesCell.swift in Sources */,
				BFAB73AE1E2D0248001CF424 /* InvoicesViewController.swift in Sources */,
				BF6F9F011E28CC640058F50F /* SideMenuTableView.swift in Sources */,
				BF86E1801E2E10C700A48ECA /* TermsAndConditionController.swift in Sources */,
				BF8D25B01E2CEE0D001E5B87 /* UnitDetailViewController.swift in Sources */,
				BFC2568E1E260C5000682046 /* LoginViewController.swift in Sources */,
				BFDF53E91E35D76D00DA028A /* PaynowViewController.swift in Sources */,
				BFDF53E71E35CF5900DA028A /* ReceiptViewController.swift in Sources */,
				BFC2567C1E25EC7200682046 /* MainViewController.swift in Sources */,
				BFFABD4F1E30CFDA00153D43 /* SearchProductsController.swift in Sources */,
				BF8D25AC1E2CA4EF001E5B87 /* UnitsListViewController.swift in Sources */,
				BFF9A83F1E31D576003F0D23 /* ProductDetailsController.swift in Sources */,
				BF86E1821E2E110200A48ECA /* UpdateVatController.swift in Sources */,
				BF8D25AE1E2CB76B001E5B87 /* DataNameList.swift in Sources */,
				BFAF33F71E322865003D5C47 /* SelectedProductCell.swift in Sources */,
				BF2F7AC31E371C8600CB9BDA /* FunctionLibrary.swift in Sources */,
				BF8D25AA1E2CA10B001E5B87 /* CreateInvoiceController.swift in Sources */,
				BF6BD82C1E2F518A00782FFA /* DimmingPresentationController.swift in Sources */,
				BFC2567A1E25EC7200682046 /* AppDelegate.swift in Sources */,
				BFD46FCA1E277C81007BBA93 /* CompanyLoginViewController.swift in Sources */,
				BF86E1841E2E36A300A48ECA /* InvoiceDetailViewController.swift in Sources */,
			);
			runOnlyForDeploymentPostprocessing = 0;
		};
/* End PBXSourcesBuildPhase section */

/* Begin PBXVariantGroup section */
		BFC2567D1E25EC7200682046 /* Main.storyboard */ = {
			isa = PBXVariantGroup;
			children = (
				BFC2567E1E25EC7200682046 /* Base */,
			);
			name = Main.storyboard;
			sourceTree = "<group>";
		};
		BFC256821E25EC7200682046 /* LaunchScreen.storyboard */ = {
			isa = PBXVariantGroup;
			children = (
				BFC256831E25EC7200682046 /* Base */,
			);
			name = LaunchScreen.storyboard;
			sourceTree = "<group>";
		};
/* End PBXVariantGroup section */

/* Begin XCBuildConfiguration section */
		BFC256861E25EC7200682046 /* Debug */ = {
			isa = XCBuildConfiguration;
			buildSettings = {
				ALWAYS_SEARCH_USER_PATHS = NO;
				CLANG_ANALYZER_NONNULL = YES;
				CLANG_CXX_LANGUAGE_STANDARD = "gnu++0x";
				CLANG_CXX_LIBRARY = "libc++";
				CLANG_ENABLE_MODULES = YES;
				CLANG_ENABLE_OBJC_ARC = YES;
				CLANG_WARN_BOOL_CONVERSION = YES;
				CLANG_WARN_CONSTANT_CONVERSION = YES;
				CLANG_WARN_DIRECT_OBJC_ISA_USAGE = YES_ERROR;
				CLANG_WARN_DOCUMENTATION_COMMENTS = YES;
				CLANG_WARN_EMPTY_BODY = YES;
				CLANG_WARN_ENUM_CONVERSION = YES;
				CLANG_WARN_INFINITE_RECURSION = YES;
				CLANG_WARN_INT_CONVERSION = YES;
				CLANG_WARN_OBJC_ROOT_CLASS = YES_ERROR;
				CLANG_WARN_SUSPICIOUS_MOVE = YES;
				CLANG_WARN_UNREACHABLE_CODE = YES;
				CLANG_WARN__DUPLICATE_METHOD_MATCH = YES;
				"CODE_SIGN_IDENTITY[sdk=iphoneos*]" = "iPhone Developer";
				COPY_PHASE_STRIP = NO;
				DEBUG_INFORMATION_FORMAT = dwarf;
				ENABLE_STRICT_OBJC_MSGSEND = YES;
				ENABLE_TESTABILITY = YES;
				GCC_C_LANGUAGE_STANDARD = gnu99;
				GCC_DYNAMIC_NO_PIC = NO;
				GCC_NO_COMMON_BLOCKS = YES;
				GCC_OPTIMIZATION_LEVEL = 0;
				GCC_PREPROCESSOR_DEFINITIONS = (
					"DEBUG=1",
					"$(inherited)",
				);
				GCC_WARN_64_TO_32_BIT_CONVERSION = YES;
				GCC_WARN_ABOUT_RETURN_TYPE = YES_ERROR;
				GCC_WARN_UNDECLARED_SELECTOR = YES;
				GCC_WARN_UNINITIALIZED_AUTOS = YES_AGGRESSIVE;
				GCC_WARN_UNUSED_FUNCTION = YES;
				GCC_WARN_UNUSED_VARIABLE = YES;
				IPHONEOS_DEPLOYMENT_TARGET = 10.2;
				MTL_ENABLE_DEBUG_INFO = YES;
				ONLY_ACTIVE_ARCH = YES;
				SDKROOT = iphoneos;
				SWIFT_ACTIVE_COMPILATION_CONDITIONS = DEBUG;
				SWIFT_OPTIMIZATION_LEVEL = "-Onone";
				TARGETED_DEVICE_FAMILY = "1,2";
			};
			name = Debug;
		};
		BFC256871E25EC7200682046 /* Release */ = {
			isa = XCBuildConfiguration;
			buildSettings = {
				ALWAYS_SEARCH_USER_PATHS = NO;
				CLANG_ANALYZER_NONNULL = YES;
				CLANG_CXX_LANGUAGE_STANDARD = "gnu++0x";
				CLANG_CXX_LIBRARY = "libc++";
				CLANG_ENABLE_MODULES = YES;
				CLANG_ENABLE_OBJC_ARC = YES;
				CLANG_WARN_BOOL_CONVERSION = YES;
				CLANG_WARN_CONSTANT_CONVERSION = YES;
				CLANG_WARN_DIRECT_OBJC_ISA_USAGE = YES_ERROR;
				CLANG_WARN_DOCUMENTATION_COMMENTS = YES;
				CLANG_WARN_EMPTY_BODY = YES;
				CLANG_WARN_ENUM_CONVERSION = YES;
				CLANG_WARN_INFINITE_RECURSION = YES;
				CLANG_WARN_INT_CONVERSION = YES;
				CLANG_WARN_OBJC_ROOT_CLASS = YES_ERROR;
				CLANG_WARN_SUSPICIOUS_MOVE = YES;
				CLANG_WARN_UNREACHABLE_CODE = YES;
				CLANG_WARN__DUPLICATE_METHOD_MATCH = YES;
				"CODE_SIGN_IDENTITY[sdk=iphoneos*]" = "iPhone Developer";
				COPY_PHASE_STRIP = NO;
				DEBUG_INFORMATION_FORMAT = "dwarf-with-dsym";
				ENABLE_NS_ASSERTIONS = NO;
				ENABLE_STRICT_OBJC_MSGSEND = YES;
				GCC_C_LANGUAGE_STANDARD = gnu99;
				GCC_NO_COMMON_BLOCKS = YES;
				GCC_WARN_64_TO_32_BIT_CONVERSION = YES;
				GCC_WARN_ABOUT_RETURN_TYPE = YES_ERROR;
				GCC_WARN_UNDECLARED_SELECTOR = YES;
				GCC_WARN_UNINITIALIZED_AUTOS = YES_AGGRESSIVE;
				GCC_WARN_UNUSED_FUNCTION = YES;
				GCC_WARN_UNUSED_VARIABLE = YES;
				IPHONEOS_DEPLOYMENT_TARGET = 10.2;
				MTL_ENABLE_DEBUG_INFO = NO;
				SDKROOT = iphoneos;
				SWIFT_OPTIMIZATION_LEVEL = "-Owholemodule";
				TARGETED_DEVICE_FAMILY = "1,2";
				VALIDATE_PRODUCT = YES;
			};
			name = Release;
		};
		BFC256891E25EC7200682046 /* Debug */ = {
			isa = XCBuildConfiguration;
			baseConfigurationReference = 602346D37509FF979147AF5F /* Pods-TBS-SMS.debug.xcconfig */;
			buildSettings = {
				ALWAYS_EMBED_SWIFT_STANDARD_LIBRARIES = YES;
				ASSETCATALOG_COMPILER_APPICON_NAME = AppIcon;
				FRAMEWORK_SEARCH_PATHS = (
					"$(inherited)",
					"$(PROJECT_DIR)/Carthage/Build/iOS",
				);
				INFOPLIST_FILE = "TBS-SMS/Info.plist";
				LD_RUNPATH_SEARCH_PATHS = "$(inherited) @executable_path/Frameworks";
				PRODUCT_BUNDLE_IDENTIFIER = "com.tbsind.TBS-SMS";
				PRODUCT_NAME = "$(TARGET_NAME)";
				SWIFT_VERSION = 3.0;
			};
			name = Debug;
		};
		BFC2568A1E25EC7200682046 /* Release */ = {
			isa = XCBuildConfiguration;
			baseConfigurationReference = A0060081309AC2E1E57721BB /* Pods-TBS-SMS.release.xcconfig */;
			buildSettings = {
				ALWAYS_EMBED_SWIFT_STANDARD_LIBRARIES = YES;
				ASSETCATALOG_COMPILER_APPICON_NAME = AppIcon;
				FRAMEWORK_SEARCH_PATHS = (
					"$(inherited)",
					"$(PROJECT_DIR)/Carthage/Build/iOS",
				);
				INFOPLIST_FILE = "TBS-SMS/Info.plist";
				LD_RUNPATH_SEARCH_PATHS = "$(inherited) @executable_path/Frameworks";
				PRODUCT_BUNDLE_IDENTIFIER = "com.tbsind.TBS-SMS";
				PRODUCT_NAME = "$(TARGET_NAME)";
				SWIFT_VERSION = 3.0;
			};
			name = Release;
		};
/* End XCBuildConfiguration section */

/* Begin XCConfigurationList section */
		BFC256711E25EC7100682046 /* Build configuration list for PBXProject "TBS-SMS" */ = {
			isa = XCConfigurationList;
			buildConfigurations = (
				BFC256861E25EC7200682046 /* Debug */,
				BFC256871E25EC7200682046 /* Release */,
			);
			defaultConfigurationIsVisible = 0;
			defaultConfigurationName = Release;
		};
		BFC256881E25EC7200682046 /* Build configuration list for PBXNativeTarget "TBS-SMS" */ = {
			isa = XCConfigurationList;
			buildConfigurations = (
				BFC256891E25EC7200682046 /* Debug */,
				BFC2568A1E25EC7200682046 /* Release */,
			);
			defaultConfigurationIsVisible = 0;
			defaultConfigurationName = Release;
		};
/* End XCConfigurationList section */
	};
	rootObject = BFC2566E1E25EC7100682046 /* Project object */;
}
